
Microsoft Visual Studio Solution File, Format Version 12.00
# Visual Studio Version 17
VisualStudioVersion = 17.14.37710.0 d17.14
MinimumVisualStudioVersion = 10.0.40219.1
Project("{FAE04EC0-301F-11D3-BF4B-00C04F79EFBC}") = "Assingment2", "Assingment2\Assingment2.csproj", "{05A5DF71-8C88-4D70-8587-1371E9663EFA}"
EndProject
Global
	GlobalSection(SolutionConfigurationPlatforms) = preSolution
		Debug|Any CPU = Debug|Any CPU
		Release|Any CPU = Release|Any CPU
	EndGlobalSection
	GlobalSection(ProjectConfigurationPlatforms) = postSolution
		{05A5DF71-8C88-4D70-8587-1371E9663EFA}.Debug|Any CPU.ActiveCfg = Debug|Any CPU
		{05A5DF71-8C88-4D70-8587-1371E9663EFA}.Debug|Any CPU.Build.0 = Debug|Any CPU
		{05A5DF71-8C88-4D70-8587-1371E9663EFA}.Release|Any CPU.ActiveCfg = Release|Any CPU
		{05A5DF71-8C88-4D70-8587-1371E9663EFA}.Release|Any CPU.Build.0 = Release|Any CPU
	EndGlobalSection
	GlobalSection(SolutionProperties) = preSolution
		HideSolutionNode = FALSE
	EndGlobalSection
	GlobalSection(ExtensibilityGlobals) = postSolution
		SolutionGuid = {96C4930F-CC4C-4CCE-9B54-A1698DAF3089}
	EndGlobalSection
EndGlobal
