
Microsoft Visual Studio Solution File, Format Version 12.00
# Visual Studio Version 17
VisualStudioVersion = 17.14.37710.0 d17.14
MinimumVisualStudioVersion = 10.0.40219.1
Project("{FAE04EC0-301F-11D3-BF4B-00C04F79EFBC}") = "Range_Checker", "Range_Checker\Range_Checker.csproj", "{9293FB50-F5C5-49BA-B3C7-2AFD65C08AFF}"
EndProject
Global
	GlobalSection(SolutionConfigurationPlatforms) = preSolution
		Debug|Any CPU = Debug|Any CPU
		Release|Any CPU = Release|Any CPU
	EndGlobalSection
	GlobalSection(ProjectConfigurationPlatforms) = postSolution
		{9293FB50-F5C5-49BA-B3C7-2AFD65C08AFF}.Debug|Any CPU.ActiveCfg = Debug|Any CPU
		{9293FB50-F5C5-49BA-B3C7-2AFD65C08AFF}.Debug|Any CPU.Build.0 = Debug|Any CPU
		{9293FB50-F5C5-49BA-B3C7-2AFD65C08AFF}.Release|Any CPU.ActiveCfg = Release|Any CPU
		{9293FB50-F5C5-49BA-B3C7-2AFD65C08AFF}.Release|Any CPU.Build.0 = Release|Any CPU
	EndGlobalSection
	GlobalSection(SolutionProperties) = preSolution
		HideSolutionNode = FALSE
	EndGlobalSection
	GlobalSection(ExtensibilityGlobals) = postSolution
		SolutionGuid = {DE8796DA-35DF-4B0C-A4DE-29D992EE630B}
	EndGlobalSection
EndGlobal
