
Microsoft Visual Studio Solution File, Format Version 12.00
# Visual Studio Version 17
VisualStudioVersion = 17.14.37710.0 d17.14
MinimumVisualStudioVersion = 10.0.40219.1
Project("{FAE04EC0-301F-11D3-BF4B-00C04F79EFBC}") = "Payroll_With_Overtime", "Payroll_With_Overtime\Payroll_With_Overtime.csproj", "{B530FD3A-BC30-429B-BD44-0C9D65F979A5}"
EndProject
Global
	GlobalSection(SolutionConfigurationPlatforms) = preSolution
		Debug|Any CPU = Debug|Any CPU
		Release|Any CPU = Release|Any CPU
	EndGlobalSection
	GlobalSection(ProjectConfigurationPlatforms) = postSolution
		{B530FD3A-BC30-429B-BD44-0C9D65F979A5}.Debug|Any CPU.ActiveCfg = Debug|Any CPU
		{B530FD3A-BC30-429B-BD44-0C9D65F979A5}.Debug|Any CPU.Build.0 = Debug|Any CPU
		{B530FD3A-BC30-429B-BD44-0C9D65F979A5}.Release|Any CPU.ActiveCfg = Release|Any CPU
		{B530FD3A-BC30-429B-BD44-0C9D65F979A5}.Release|Any CPU.Build.0 = Release|Any CPU
	EndGlobalSection
	GlobalSection(SolutionProperties) = preSolution
		HideSolutionNode = FALSE
	EndGlobalSection
	GlobalSection(ExtensibilityGlobals) = postSolution
		SolutionGuid = {A4D104F2-5117-42BB-B225-DBF7B65927CC}
	EndGlobalSection
EndGlobal
